
Microsoft Visual Studio Solution File, Format Version 12.00
# Visual Studio 2013
VisualStudioVersion = 12.0.40629.0
MinimumVisualStudioVersion = 10.0.40219.1
Project("{FAE04EC0-301F-11D3-BF4B-00C04F79EFBC}") = "JSL", "JSL.csproj", "{96766FA0-5622-4BDE-848E-381961604933}"
EndProject
Global
	GlobalSection(SolutionConfigurationPlatforms) = preSolution
		Debug|Any CPU = Debug|Any CPU
		Release|Any CPU = Release|Any CPU
	EndGlobalSection
	GlobalSection(ProjectConfigurationPlatforms) = postSolution
		{96766FA0-5622-4BDE-848E-381961604933}.Debug|Any CPU.ActiveCfg = Debug|Any CPU
		{96766FA0-5622-4BDE-848E-381961604933}.Debug|Any CPU.Build.0 = Debug|Any CPU
		{96766FA0-5622-4BDE-848E-381961604933}.Release|Any CPU.ActiveCfg = Release|Any CPU
		{96766FA0-5622-4BDE-848E-381961604933}.Release|Any CPU.Build.0 = Release|Any CPU
	EndGlobalSection
	GlobalSection(SolutionProperties) = preSolution
		HideSolutionNode = FALSE
	EndGlobalSection
EndGlobal
